
Microsoft Visual Studio Solution File, Format Version 12.00
# Visual Studio 2012
Project("{FAE04EC0-301F-11D3-BF4B-00C04F79EFBC}") = "AceofSpades", "AceofSpades\AceofSpades.csproj", "{BA52BBE8-8D4D-403F-A58B-CCC204F681AB}"
EndProject
Project("{FAE04EC0-301F-11D3-BF4B-00C04F79EFBC}") = "TestPlayingCards", "TestPlayingCards\TestPlayingCards.csproj", "{A22DF198-4395-4F52-AF2B-9F138E726321}"
EndProject
Global
	GlobalSection(SolutionConfigurationPlatforms) = preSolution
		Debug|Any CPU = Debug|Any CPU
		Release|Any CPU = Release|Any CPU
	EndGlobalSection
	GlobalSection(ProjectConfigurationPlatforms) = postSolution
		{BA52BBE8-8D4D-403F-A58B-CCC204F681AB}.Debug|Any CPU.ActiveCfg = Debug|Any CPU
		{BA52BBE8-8D4D-403F-A58B-CCC204F681AB}.Debug|Any CPU.Build.0 = Debug|Any CPU
		{BA52BBE8-8D4D-403F-A58B-CCC204F681AB}.Release|Any CPU.ActiveCfg = Release|Any CPU
		{BA52BBE8-8D4D-403F-A58B-CCC204F681AB}.Release|Any CPU.Build.0 = Release|Any CPU
		{A22DF198-4395-4F52-AF2B-9F138E726321}.Debug|Any CPU.ActiveCfg = Debug|Any CPU
		{A22DF198-4395-4F52-AF2B-9F138E726321}.Debug|Any CPU.Build.0 = Debug|Any CPU
		{A22DF198-4395-4F52-AF2B-9F138E726321}.Release|Any CPU.ActiveCfg = Release|Any CPU
		{A22DF198-4395-4F52-AF2B-9F138E726321}.Release|Any CPU.Build.0 = Release|Any CPU
	EndGlobalSection
	GlobalSection(SolutionProperties) = preSolution
		HideSolutionNode = FALSE
	EndGlobalSection
EndGlobal
